<?xml version="1.0" encoding="UTF-8" standalone="yes" ?>
<CodeBlocks_project_file>
	<FileVersion major="1" minor="6" />
	<Project>
		<Option title="HttpApiWithPostgres" />
		<Option pch_mode="2" />
		<Option compiler="gcc-msys2-mingw64" />
		<Build>
			<Target title="Debug">
				<Option output="bin/Debug/HttpApiWithPostgres" prefix_auto="1" extension_auto="1" />
				<Option object_output="obj/Debug/" />
				<Option type="1" />
				<Option compiler="gcc-msys2-mingw64" />
				<Compiler>
					<Add option="-std=gnu++26" />
					<Add directory="../../../../msys64/mingw64/include" />
				</Compiler>
				<Linker>
					<Add library="pqxx" />
					<Add library="pq" />
					<Add directory="../../../../msys64/mingw64/lib" />
				</Linker>
			</Target>
			<Target title="Release">
				<Option output="bin/Release/HttpApiWithPostgres" prefix_auto="1" extension_auto="1" />
				<Option object_output="obj/Release/" />
				<Option type="1" />
				<Option compiler="gcc-msys2-mingw64" />
				<Compiler>
					<Add directory="../../../../msys64/mingw64/include" />
				</Compiler>
				<Linker>
					<Add library="pqxx" />
					<Add library="pq" />
					<Add directory="../../../../msys64/mingw64/lib" />
				</Linker>
			</Target>
		</Build>
		<UnitsGlob directory="..\HttpApiWithPostgres" wildcard="" recursive="0" id="217509450" addToProject="1">
			<Option target="Debug" />
			<Option target="Release" />
		</UnitsGlob>
		<Unit filename="include/ConnectionPool.h" />
		<Unit filename="include/animal.h" />
		<Unit filename="include/animalrepo.h" />
		<Unit filename="include/crow_all.h" />
		<Unit filename="include/env.h" />
		<Unit filename="include/json_middleware.h" />
		<Unit filename="main.cpp">
			<Option glob="217509450" />
		</Unit>
		<Unit filename="src/animalrepo.cpp" />
		<Unit filename="version.h">
			<Option glob="217509450" />
		</Unit>
		<Extensions>
			<AutoVersioning>
				<Scheme minor_max="10" build_max="0" rev_max="0" rev_rand_max="10" build_times_to_increment_minor="100" />
				<Settings autoincrement="1" date_declarations="1" use_define="0" update_manifest="0" do_auto_increment="1" ask_to_increment="0" language="C++" svn="0" svn_directory="" header_path="version.h" />
				<Changes_Log show_changes_editor="0" app_title="released version %M.%m.%b of %p" changeslog_path="ChangesLog.txt" />
				<Code header_guard="VERSION_H" namespace="AutoVersion" prefix="" />
			</AutoVersioning>
		</Extensions>
	</Project>
</CodeBlocks_project_file>
